
Microsoft Visual Studio Solution File, Format Version 12.00
# Visual Studio Version 16
VisualStudioVersion = 16.0.30717.126
MinimumVisualStudioVersion = 10.0.40219.1
Project("{FAE04EC0-301F-11D3-BF4B-00C04F79EFBC}") = "SchoolCalculator", "SchoolCalculator\SchoolCalculator.csproj", "{8EAB9B51-3763-4E31-B3FF-47AEC529C171}"
EndProject
Global
	GlobalSection(SolutionConfigurationPlatforms) = preSolution
		Debug|Any CPU = Debug|Any CPU
		Release|Any CPU = Release|Any CPU
	EndGlobalSection
	GlobalSection(ProjectConfigurationPlatforms) = postSolution
		{8EAB9B51-3763-4E31-B3FF-47AEC529C171}.Debug|Any CPU.ActiveCfg = Debug|Any CPU
		{8EAB9B51-3763-4E31-B3FF-47AEC529C171}.Debug|Any CPU.Build.0 = Debug|Any CPU
		{8EAB9B51-3763-4E31-B3FF-47AEC529C171}.Release|Any CPU.ActiveCfg = Release|Any CPU
		{8EAB9B51-3763-4E31-B3FF-47AEC529C171}.Release|Any CPU.Build.0 = Release|Any CPU
	EndGlobalSection
	GlobalSection(SolutionProperties) = preSolution
		HideSolutionNode = FALSE
	EndGlobalSection
	GlobalSection(ExtensibilityGlobals) = postSolution
		SolutionGuid = {F42F58C7-11F2-4B37-8CDB-BD9A711D9CE4}
	EndGlobalSection
EndGlobal
